
Microsoft Visual Studio Solution File, Format Version 12.00
# Visual Studio 15
VisualStudioVersion = 15.0.26124.0
MinimumVisualStudioVersion = 15.0.26124.0
Project("{F2A71F9B-5D33-465A-A702-920D77279786}") = "roommate-lambda.Tests", "roommate-lambda.Tests\roommate-lambda.Tests.fsproj", "{F7680D08-645E-47A2-916B-CBB497F18597}"
EndProject
Project("{F2A71F9B-5D33-465A-A702-920D77279786}") = "roommate-lambda", "roommate-lambda\roommate-lambda.fsproj", "{C40E3143-56FA-4892-8730-E325B4C291B0}"
EndProject
Project("{F2A71F9B-5D33-465A-A702-920D77279786}") = "roommate-tool", "roommate-tool\roommate-tool.fsproj", "{C2403B74-9DCC-4ADB-833B-4664B2E711BF}"
EndProject
Project("{F2A71F9B-5D33-465A-A702-920D77279786}") = "roommate", "roommate\roommate.fsproj", "{476B1B33-CEA8-422A-A7C0-570D48E95B66}"
EndProject
Project("{FAE04EC0-301F-11D3-BF4B-00C04F79EFBC}") = "google-data-store", "google-data-store\google-data-store.csproj", "{E44AFB68-0A63-42C8-A80B-FB782605A32A}"
EndProject
Global
	GlobalSection(SolutionConfigurationPlatforms) = preSolution
		Debug|Any CPU = Debug|Any CPU
		Debug|x64 = Debug|x64
		Debug|x86 = Debug|x86
		Release|Any CPU = Release|Any CPU
		Release|x64 = Release|x64
		Release|x86 = Release|x86
	EndGlobalSection
	GlobalSection(SolutionProperties) = preSolution
		HideSolutionNode = FALSE
	EndGlobalSection
	GlobalSection(ProjectConfigurationPlatforms) = postSolution
		{F7680D08-645E-47A2-916B-CBB497F18597}.Debug|Any CPU.ActiveCfg = Debug|Any CPU
		{F7680D08-645E-47A2-916B-CBB497F18597}.Debug|Any CPU.Build.0 = Debug|Any CPU
		{F7680D08-645E-47A2-916B-CBB497F18597}.Debug|x64.ActiveCfg = Debug|Any CPU
		{F7680D08-645E-47A2-916B-CBB497F18597}.Debug|x64.Build.0 = Debug|Any CPU
		{F7680D08-645E-47A2-916B-CBB497F18597}.Debug|x86.ActiveCfg = Debug|Any CPU
		{F7680D08-645E-47A2-916B-CBB497F18597}.Debug|x86.Build.0 = Debug|Any CPU
		{F7680D08-645E-47A2-916B-CBB497F18597}.Release|Any CPU.ActiveCfg = Release|Any CPU
		{F7680D08-645E-47A2-916B-CBB497F18597}.Release|Any CPU.Build.0 = Release|Any CPU
		{F7680D08-645E-47A2-916B-CBB497F18597}.Release|x64.ActiveCfg = Release|Any CPU
		{F7680D08-645E-47A2-916B-CBB497F18597}.Release|x64.Build.0 = Release|Any CPU
		{F7680D08-645E-47A2-916B-CBB497F18597}.Release|x86.ActiveCfg = Release|Any CPU
		{F7680D08-645E-47A2-916B-CBB497F18597}.Release|x86.Build.0 = Release|Any CPU
		{C40E3143-56FA-4892-8730-E325B4C291B0}.Debug|Any CPU.ActiveCfg = Debug|Any CPU
		{C40E3143-56FA-4892-8730-E325B4C291B0}.Debug|Any CPU.Build.0 = Debug|Any CPU
		{C40E3143-56FA-4892-8730-E325B4C291B0}.Debug|x64.ActiveCfg = Debug|Any CPU
		{C40E3143-56FA-4892-8730-E325B4C291B0}.Debug|x64.Build.0 = Debug|Any CPU
		{C40E3143-56FA-4892-8730-E325B4C291B0}.Debug|x86.ActiveCfg = Debug|Any CPU
		{C40E3143-56FA-4892-8730-E325B4C291B0}.Debug|x86.Build.0 = Debug|Any CPU
		{C40E3143-56FA-4892-8730-E325B4C291B0}.Release|Any CPU.ActiveCfg = Release|Any CPU
		{C40E3143-56FA-4892-8730-E325B4C291B0}.Release|Any CPU.Build.0 = Release|Any CPU
		{C40E3143-56FA-4892-8730-E325B4C291B0}.Release|x64.ActiveCfg = Release|Any CPU
		{C40E3143-56FA-4892-8730-E325B4C291B0}.Release|x64.Build.0 = Release|Any CPU
		{C40E3143-56FA-4892-8730-E325B4C291B0}.Release|x86.ActiveCfg = Release|Any CPU
		{C40E3143-56FA-4892-8730-E325B4C291B0}.Release|x86.Build.0 = Release|Any CPU
		{C2403B74-9DCC-4ADB-833B-4664B2E711BF}.Debug|Any CPU.ActiveCfg = Debug|Any CPU
		{C2403B74-9DCC-4ADB-833B-4664B2E711BF}.Debug|Any CPU.Build.0 = Debug|Any CPU
		{C2403B74-9DCC-4ADB-833B-4664B2E711BF}.Debug|x64.ActiveCfg = Debug|Any CPU
		{C2403B74-9DCC-4ADB-833B-4664B2E711BF}.Debug|x64.Build.0 = Debug|Any CPU
		{C2403B74-9DCC-4ADB-833B-4664B2E711BF}.Debug|x86.ActiveCfg = Debug|Any CPU
		{C2403B74-9DCC-4ADB-833B-4664B2E711BF}.Debug|x86.Build.0 = Debug|Any CPU
		{C2403B74-9DCC-4ADB-833B-4664B2E711BF}.Release|Any CPU.ActiveCfg = Release|Any CPU
		{C2403B74-9DCC-4ADB-833B-4664B2E711BF}.Release|Any CPU.Build.0 = Release|Any CPU
		{C2403B74-9DCC-4ADB-833B-4664B2E711BF}.Release|x64.ActiveCfg = Release|Any CPU
		{C2403B74-9DCC-4ADB-833B-4664B2E711BF}.Release|x64.Build.0 = Release|Any CPU
		{C2403B74-9DCC-4ADB-833B-4664B2E711BF}.Release|x86.ActiveCfg = Release|Any CPU
		{C2403B74-9DCC-4ADB-833B-4664B2E711BF}.Release|x86.Build.0 = Release|Any CPU
		{476B1B33-CEA8-422A-A7C0-570D48E95B66}.Debug|Any CPU.ActiveCfg = Debug|Any CPU
		{476B1B33-CEA8-422A-A7C0-570D48E95B66}.Debug|Any CPU.Build.0 = Debug|Any CPU
		{476B1B33-CEA8-422A-A7C0-570D48E95B66}.Debug|x64.ActiveCfg = Debug|Any CPU
		{476B1B33-CEA8-422A-A7C0-570D48E95B66}.Debug|x64.Build.0 = Debug|Any CPU
		{476B1B33-CEA8-422A-A7C0-570D48E95B66}.Debug|x86.ActiveCfg = Debug|Any CPU
		{476B1B33-CEA8-422A-A7C0-570D48E95B66}.Debug|x86.Build.0 = Debug|Any CPU
		{476B1B33-CEA8-422A-A7C0-570D48E95B66}.Release|Any CPU.ActiveCfg = Release|Any CPU
		{476B1B33-CEA8-422A-A7C0-570D48E95B66}.Release|Any CPU.Build.0 = Release|Any CPU
		{476B1B33-CEA8-422A-A7C0-570D48E95B66}.Release|x64.ActiveCfg = Release|Any CPU
		{476B1B33-CEA8-422A-A7C0-570D48E95B66}.Release|x64.Build.0 = Release|Any CPU
		{476B1B33-CEA8-422A-A7C0-570D48E95B66}.Release|x86.ActiveCfg = Release|Any CPU
		{476B1B33-CEA8-422A-A7C0-570D48E95B66}.Release|x86.Build.0 = Release|Any CPU
		{E44AFB68-0A63-42C8-A80B-FB782605A32A}.Debug|Any CPU.ActiveCfg = Debug|Any CPU
		{E44AFB68-0A63-42C8-A80B-FB782605A32A}.Debug|Any CPU.Build.0 = Debug|Any CPU
		{E44AFB68-0A63-42C8-A80B-FB782605A32A}.Debug|x64.ActiveCfg = Debug|Any CPU
		{E44AFB68-0A63-42C8-A80B-FB782605A32A}.Debug|x64.Build.0 = Debug|Any CPU
		{E44AFB68-0A63-42C8-A80B-FB782605A32A}.Debug|x86.ActiveCfg = Debug|Any CPU
		{E44AFB68-0A63-42C8-A80B-FB782605A32A}.Debug|x86.Build.0 = Debug|Any CPU
		{E44AFB68-0A63-42C8-A80B-FB782605A32A}.Release|Any CPU.ActiveCfg = Release|Any CPU
		{E44AFB68-0A63-42C8-A80B-FB782605A32A}.Release|Any CPU.Build.0 = Release|Any CPU
		{E44AFB68-0A63-42C8-A80B-FB782605A32A}.Release|x64.ActiveCfg = Release|Any CPU
		{E44AFB68-0A63-42C8-A80B-FB782605A32A}.Release|x64.Build.0 = Release|Any CPU
		{E44AFB68-0A63-42C8-A80B-FB782605A32A}.Release|x86.ActiveCfg = Release|Any CPU
		{E44AFB68-0A63-42C8-A80B-FB782605A32A}.Release|x86.Build.0 = Release|Any CPU
	EndGlobalSection
EndGlobal
