{
  "version": 1,
  "dependencies": {
    ".NETCoreApp,Version=v2.2": {
      "Argu": {
        "type": "Direct",
        "requested": "[5.1.0, )",
        "resolved": "5.1.0",
        "contentHash": "u6AUpmlBbCtRwDbKQVwMInwlK4gHYUcodVnxp8CTzygtQdUORfX44ugm6A7Ic+bGrnPwX0VRCcBQqNDKPKZehA==",
        "dependencies": {
          "FSharp.Core": "4.3.2",
          "System.Configuration.ConfigurationManager": "4.4.0"
        }
      },
      "FSharp.Core": {
        "type": "Direct",
        "requested": "[4.5.2, )",
        "resolved": "4.5.2",
        "contentHash": "apbdQOjzsjQ637kTWQuW29jqwY18jsHMyNC5A+TPJZKFEIE2cIfQWf3V7+mXrxlbX69BueYkv293/g70wuXuRw=="
      },
      "Microsoft.NETCore.App": {
        "type": "Direct",
        "requested": "[2.2.0, )",
        "resolved": "2.2.0",
        "contentHash": "QU8taCyeyePwatrj+h+750lMnsPCq3YPaGmsdtSHXPCjDyjto2KT7QDNVet0oRliX4PjaINpyg0Yzd9DnQ/Wkw==",
        "dependencies": {
          "Microsoft.NETCore.DotNetHostPolicy": "2.2.0",
          "Microsoft.NETCore.Platforms": "2.2.0",
          "Microsoft.NETCore.Targets": "2.0.0",
          "NETStandard.Library": "2.0.3"
        }
      },
      "Google.Apis": {
        "type": "Transitive",
        "resolved": "1.36.1",
        "contentHash": "t4wJDCilDNqvB1AlLf27+g9vyMib5aoowaoBOVpVjnQp+C2EDfdv07Eo9bSyqq1yzXhpGWiQUOzHfBWbTPQ6vw==",
        "dependencies": {
          "Google.Apis.Core": "1.36.1",
          "Newtonsoft.Json": "10.0.2"
        }
      },
      "Google.Apis.Auth": {
        "type": "Transitive",
        "resolved": "1.36.1",
        "contentHash": "oZU/4PdyFAVf1eVfOy4U+K3M0TIHl5HiOlj3bCIwgaXE2vZv/DbaPoxViVpDqbP+hfQuk8nb8hg08Wllar6oSw==",
        "dependencies": {
          "Google.Apis": "1.36.1",
          "Google.Apis.Core": "1.36.1"
        }
      },
      "Google.Apis.Calendar.v3": {
        "type": "Transitive",
        "resolved": "1.36.1.1424",
        "contentHash": "5acUujhi0DTgPaSZ+e3+WnReNt+jzRJv93hLSEQZSiI+UPCaq4bIexQ5cQ555wzrEzyd+m8UGi7vC1VV0GzFpg==",
        "dependencies": {
          "Google.Apis": "1.36.1",
          "Google.Apis.Auth": "1.36.1"
        }
      },
      "Google.Apis.Core": {
        "type": "Transitive",
        "resolved": "1.36.1",
        "contentHash": "d1B/4A6W9d6uCZRUpcNGBTohLYs9cVgXASgCfszohE/4wByUhq9rf4/B+WfisYFdC6IUKR/5lYUXWtX/qONfQA==",
        "dependencies": {
          "Newtonsoft.Json": "10.0.2"
        }
      },
      "Microsoft.NETCore.DotNetAppHost": {
        "type": "Transitive",
        "resolved": "2.2.0",
        "contentHash": "qIrVLupwT2NYTrf7KM7Nh+mJr36V5MITVRjyGOByVVCwGmQgQmI/6bjZYQv+QdExi4Cm87eCKJX9FdT6nc00Xg=="
      },
      "Microsoft.NETCore.DotNetHostPolicy": {
        "type": "Transitive",
        "resolved": "2.2.0",
        "contentHash": "5Xvh/3bDr6YAl6TKfeONvRDZ9QOmvVmzFzA0M6g8uubWdf5/o6qdVOqByFBT/fhjVb6okP0E5+v1oxh1Pk+c+w==",
        "dependencies": {
          "Microsoft.NETCore.DotNetHostResolver": "2.2.0"
        }
      },
      "Microsoft.NETCore.DotNetHostResolver": {
        "type": "Transitive",
        "resolved": "2.2.0",
        "contentHash": "Q3j3KC2ugqIVasf7pO4NRDEn7GysZX3ZH6fAHfbjrP8cYXY9cmHeFcbaniw36q8kFhsPt2EnRHzSsLBpbG6l2Q==",
        "dependencies": {
          "Microsoft.NETCore.DotNetAppHost": "2.2.0"
        }
      },
      "Microsoft.NETCore.Platforms": {
        "type": "Transitive",
        "resolved": "2.2.0",
        "contentHash": "39+GVHdbm+cmoOjdvm+fhiMbddnuVyUlBdYS8Yhn5xsNaBoTXpgBsxQQlI2Sv9EjIP0F+itG6yrDaOM2OEGupQ=="
      },
      "Microsoft.NETCore.Targets": {
        "type": "Transitive",
        "resolved": "2.0.0",
        "contentHash": "odP/tJj1z6GylFpNo7pMtbd/xQgTC3Ex2If63dRTL38bBNMwsBnJ+RceUIyHdRBC0oik/3NehYT+oECwBhIM3Q=="
      },
      "NETStandard.Library": {
        "type": "Transitive",
        "resolved": "2.0.3",
        "contentHash": "st47PosZSHrjECdjeIzZQbzivYBJFv6P2nv4cj2ypdI204DO+vZ7l5raGMiX4eXMJ53RfOIg+/s4DHVZ54Nu2A==",
        "dependencies": {
          "Microsoft.NETCore.Platforms": "1.1.0"
        }
      },
      "Newtonsoft.Json": {
        "type": "Transitive",
        "resolved": "12.0.1",
        "contentHash": "jmVyoEyk0In8r+AObYQyFKVFm7uSRzE0XSHSbEtBJcZDMV6DqJoyB4FLcHwprPVhAh826so0db3DIKXVnpGoPA=="
      },
      "System.Configuration.ConfigurationManager": {
        "type": "Transitive",
        "resolved": "4.4.0",
        "contentHash": "gWwQv/Ug1qWJmHCmN17nAbxJYmQBM/E94QxKLksvUiiKB1Ld3Sc/eK1lgmbSjDFxkQhVuayI/cGFZhpBSodLrg==",
        "dependencies": {
          "System.Security.Cryptography.ProtectedData": "4.4.0"
        }
      },
      "System.Security.Cryptography.ProtectedData": {
        "type": "Transitive",
        "resolved": "4.4.0",
        "contentHash": "cJV7ScGW7EhatRsjehfvvYVBvtiSMKgN8bOVI0bQhnF5bU7vnHVIsH49Kva7i7GWaWYvmEzkYVk1TC+gZYBEog=="
      },
      "roommate": {
        "type": "Project",
        "dependencies": {
          "FSharp.Core": "4.5.2",
          "Google.Apis.Calendar.v3": "1.36.1.1424",
          "newtonsoft.json": "12.0.1"
        }
      }
    }
  }
}